
Microsoft Visual Studio Solution File, Format Version 12.00
# Visual Studio Version 16
VisualStudioVersion = 16.0.31624.102
MinimumVisualStudioVersion = 10.0.40219.1
Project("{888888A0-9F3D-457C-B088-3A5042F75D52}") = "Lab_5", "Lab_5\Lab_5.pyproj", "{F918C841-5FC7-4497-90D1-4B124EB3362B}"
EndProject
Global
	GlobalSection(SolutionConfigurationPlatforms) = preSolution
		Debug|Any CPU = Debug|Any CPU
		Release|Any CPU = Release|Any CPU
	EndGlobalSection
	GlobalSection(ProjectConfigurationPlatforms) = postSolution
		{F918C841-5FC7-4497-90D1-4B124EB3362B}.Debug|Any CPU.ActiveCfg = Debug|Any CPU
		{F918C841-5FC7-4497-90D1-4B124EB3362B}.Release|Any CPU.ActiveCfg = Release|Any CPU
	EndGlobalSection
	GlobalSection(SolutionProperties) = preSolution
		HideSolutionNode = FALSE
	EndGlobalSection
	GlobalSection(ExtensibilityGlobals) = postSolution
		SolutionGuid = {72E4A587-E8E4-47CE-845C-12E5EB9331D5}
	EndGlobalSection
EndGlobal
